Microsoft Visual Studio Solution File, Format Version 12.00
# Visual Studio Version 17
VisualStudioVersion = 17.5.2.0
MinimumVisualStudioVersion = 10.0.40219.1
Project("{FAE04EC0-301F-11D3-BF4B-00C04F79EFBC}") = "DnDPlatform.Frontend", "DnDPlatform.Frontend.csproj", "{72EAC432-DAC0-B5D2-3139-BA257BADBB9B}"
EndProject
Global
	GlobalSection(SolutionConfigurationPlatforms) = preSolution
		Debug|Any CPU = Debug|Any CPU
		Release|Any CPU = Release|Any CPU
	EndGlobalSection
	GlobalSection(ProjectConfigurationPlatforms) = postSolution
		{72EAC432-DAC0-B5D2-3139-BA257BADBB9B}.Debug|Any CPU.ActiveCfg = Debug|Any CPU
		{72EAC432-DAC0-B5D2-3139-BA257BADBB9B}.Debug|Any CPU.Build.0 = Debug|Any CPU
		{72EAC432-DAC0-B5D2-3139-BA257BADBB9B}.Release|Any CPU.ActiveCfg = Release|Any CPU
		{72EAC432-DAC0-B5D2-3139-BA257BADBB9B}.Release|Any CPU.Build.0 = Release|Any CPU
	EndGlobalSection
	GlobalSection(SolutionProperties) = preSolution
		HideSolutionNode = FALSE
	EndGlobalSection
	GlobalSection(ExtensibilityGlobals) = postSolution
		SolutionGuid = {C7BD99A7-6797-40F0-9E77-CAB1C23A3F3C}
	EndGlobalSection
EndGlobal
